
Microsoft Visual Studio Solution File, Format Version 12.00
# Visual Studio Version 16
VisualStudioVersion = 16.0.32106.194
MinimumVisualStudioVersion = 10.0.40219.1
Project("{FAE04EC0-301F-11D3-BF4B-00C04F79EFBC}") = "SalsResto.Web", "SalsResto.Web\SalsResto.Web.csproj", "{1A94CC42-3557-44D8-9D41-5F63868C0A0C}"
EndProject
Project("{FAE04EC0-301F-11D3-BF4B-00C04F79EFBC}") = "SalsResto.Data", "SalsResto.Data\SalsResto.Data.csproj", "{304C8719-B8DA-4BC3-9D86-6577268934A6}"
EndProject
Project("{FAE04EC0-301F-11D3-BF4B-00C04F79EFBC}") = "SalsResto.Services", "SalsResto.Services\SalsResto.Services.csproj", "{496AC43B-DA5F-49C4-9280-86CB39BFBFE0}"
EndProject
Global
	GlobalSection(SolutionConfigurationPlatforms) = preSolution
		Debug|Any CPU = Debug|Any CPU
		Release|Any CPU = Release|Any CPU
	EndGlobalSection
	GlobalSection(ProjectConfigurationPlatforms) = postSolution
		{1A94CC42-3557-44D8-9D41-5F63868C0A0C}.Debug|Any CPU.ActiveCfg = Debug|Any CPU
		{1A94CC42-3557-44D8-9D41-5F63868C0A0C}.Debug|Any CPU.Build.0 = Debug|Any CPU
		{1A94CC42-3557-44D8-9D41-5F63868C0A0C}.Release|Any CPU.ActiveCfg = Release|Any CPU
		{1A94CC42-3557-44D8-9D41-5F63868C0A0C}.Release|Any CPU.Build.0 = Release|Any CPU
		{304C8719-B8DA-4BC3-9D86-6577268934A6}.Debug|Any CPU.ActiveCfg = Debug|Any CPU
		{304C8719-B8DA-4BC3-9D86-6577268934A6}.Debug|Any CPU.Build.0 = Debug|Any CPU
		{304C8719-B8DA-4BC3-9D86-6577268934A6}.Release|Any CPU.ActiveCfg = Release|Any CPU
		{304C8719-B8DA-4BC3-9D86-6577268934A6}.Release|Any CPU.Build.0 = Release|Any CPU
		{496AC43B-DA5F-49C4-9280-86CB39BFBFE0}.Debug|Any CPU.ActiveCfg = Debug|Any CPU
		{496AC43B-DA5F-49C4-9280-86CB39BFBFE0}.Debug|Any CPU.Build.0 = Debug|Any CPU
		{496AC43B-DA5F-49C4-9280-86CB39BFBFE0}.Release|Any CPU.ActiveCfg = Release|Any CPU
		{496AC43B-DA5F-49C4-9280-86CB39BFBFE0}.Release|Any CPU.Build.0 = Release|Any CPU
	EndGlobalSection
	GlobalSection(SolutionProperties) = preSolution
		HideSolutionNode = FALSE
	EndGlobalSection
	GlobalSection(ExtensibilityGlobals) = postSolution
		SolutionGuid = {22611CFC-33E7-43D5-82B0-EA26FE875F3A}
	EndGlobalSection
EndGlobal
